
Microsoft Visual Studio Solution File, Format Version 12.00
# Visual Studio 15
VisualStudioVersion = 15.0.28010.2026
MinimumVisualStudioVersion = 10.0.40219.1
Project("{FAE04EC0-301F-11D3-BF4B-00C04F79EFBC}") = "BlogWeb", "BlogWeb\BlogWeb.csproj", "{BE759779-991A-4C04-BABC-481DE3B99E0D}"
EndProject
Global
	GlobalSection(SolutionConfigurationPlatforms) = preSolution
		Debug|Any CPU = Debug|Any CPU
		Release|Any CPU = Release|Any CPU
	EndGlobalSection
	GlobalSection(ProjectConfigurationPlatforms) = postSolution
		{BE759779-991A-4C04-BABC-481DE3B99E0D}.Debug|Any CPU.ActiveCfg = Debug|Any CPU
		{BE759779-991A-4C04-BABC-481DE3B99E0D}.Debug|Any CPU.Build.0 = Debug|Any CPU
		{BE759779-991A-4C04-BABC-481DE3B99E0D}.Release|Any CPU.ActiveCfg = Release|Any CPU
		{BE759779-991A-4C04-BABC-481DE3B99E0D}.Release|Any CPU.Build.0 = Release|Any CPU
	EndGlobalSection
	GlobalSection(SolutionProperties) = preSolution
		HideSolutionNode = FALSE
	EndGlobalSection
	GlobalSection(ExtensibilityGlobals) = postSolution
		SolutionGuid = {059FD1EF-3494-41E2-8E0D-F5BD8B14C991}
	EndGlobalSection
EndGlobal
